
Microsoft Visual Studio Solution File, Format Version 12.00
# Visual Studio Version 16
VisualStudioVersion = 16.0.32413.511
MinimumVisualStudioVersion = 10.0.40219.1
Project("{FAE04EC0-301F-11D3-BF4B-00C04F79EFBC}") = "sigma6project", "sigma6project\sigma6project.csproj", "{F77B66FA-7D9E-42B9-99A2-D82E0BEE521F}"
EndProject
Global
	GlobalSection(SolutionConfigurationPlatforms) = preSolution
		Debug|Any CPU = Debug|Any CPU
		Release|Any CPU = Release|Any CPU
	EndGlobalSection
	GlobalSection(ProjectConfigurationPlatforms) = postSolution
		{F77B66FA-7D9E-42B9-99A2-D82E0BEE521F}.Debug|Any CPU.ActiveCfg = Debug|Any CPU
		{F77B66FA-7D9E-42B9-99A2-D82E0BEE521F}.Debug|Any CPU.Build.0 = Debug|Any CPU
		{F77B66FA-7D9E-42B9-99A2-D82E0BEE521F}.Release|Any CPU.ActiveCfg = Release|Any CPU
		{F77B66FA-7D9E-42B9-99A2-D82E0BEE521F}.Release|Any CPU.Build.0 = Release|Any CPU
	EndGlobalSection
	GlobalSection(SolutionProperties) = preSolution
		HideSolutionNode = FALSE
	EndGlobalSection
	GlobalSection(ExtensibilityGlobals) = postSolution
		SolutionGuid = {7616910B-6C24-4B45-ACD3-877048A3DB6C}
	EndGlobalSection
EndGlobal
